
Microsoft Visual Studio Solution File, Format Version 12.00
# Visual Studio Version 16
VisualStudioVersion = 16.0.32413.511
MinimumVisualStudioVersion = 10.0.40219.1
Project("{FAE04EC0-301F-11D3-BF4B-00C04F79EFBC}") = "SE", "SE.csproj", "{596FF456-A210-4AD5-8428-7C3DD553E33E}"
EndProject
Global
	GlobalSection(SolutionConfigurationPlatforms) = preSolution
		Debug|Any CPU = Debug|Any CPU
		Release|Any CPU = Release|Any CPU
	EndGlobalSection
	GlobalSection(ProjectConfigurationPlatforms) = postSolution
		{596FF456-A210-4AD5-8428-7C3DD553E33E}.Debug|Any CPU.ActiveCfg = Debug|Any CPU
		{596FF456-A210-4AD5-8428-7C3DD553E33E}.Debug|Any CPU.Build.0 = Debug|Any CPU
		{596FF456-A210-4AD5-8428-7C3DD553E33E}.Release|Any CPU.ActiveCfg = Release|Any CPU
		{596FF456-A210-4AD5-8428-7C3DD553E33E}.Release|Any CPU.Build.0 = Release|Any CPU
	EndGlobalSection
	GlobalSection(SolutionProperties) = preSolution
		HideSolutionNode = FALSE
	EndGlobalSection
	GlobalSection(ExtensibilityGlobals) = postSolution
		SolutionGuid = {BDB83519-02D8-4E39-84D3-ADEADF745540}
	EndGlobalSection
EndGlobal
